
Microsoft Visual Studio Solution File, Format Version 12.00
# Visual Studio Version 16
VisualStudioVersion = 16.0.29709.97
MinimumVisualStudioVersion = 10.0.40219.1
Project("{9A19103F-16F7-4668-BE54-9A1E7A4F7556}") = "Monday.Client", "Monday.Client\Monday.Client.csproj", "{F80F4B94-B489-496C-BE7F-1D74EFAFAA7E}"
EndProject
Project("{9A19103F-16F7-4668-BE54-9A1E7A4F7556}") = "Monday.Client.Tests", "Monday.Client.Tests\Monday.Client.Tests.csproj", "{560DD13A-DADD-41AD-A4DC-67BCB8B5F486}"
EndProject
Global
	GlobalSection(SolutionConfigurationPlatforms) = preSolution
		Debug|Any CPU = Debug|Any CPU
		Release|Any CPU = Release|Any CPU
	EndGlobalSection
	GlobalSection(ProjectConfigurationPlatforms) = postSolution
		{F80F4B94-B489-496C-BE7F-1D74EFAFAA7E}.Debug|Any CPU.ActiveCfg = Debug|Any CPU
		{F80F4B94-B489-496C-BE7F-1D74EFAFAA7E}.Debug|Any CPU.Build.0 = Debug|Any CPU
		{F80F4B94-B489-496C-BE7F-1D74EFAFAA7E}.Release|Any CPU.ActiveCfg = Release|Any CPU
		{F80F4B94-B489-496C-BE7F-1D74EFAFAA7E}.Release|Any CPU.Build.0 = Release|Any CPU
		{560DD13A-DADD-41AD-A4DC-67BCB8B5F486}.Debug|Any CPU.ActiveCfg = Debug|Any CPU
		{560DD13A-DADD-41AD-A4DC-67BCB8B5F486}.Debug|Any CPU.Build.0 = Debug|Any CPU
		{560DD13A-DADD-41AD-A4DC-67BCB8B5F486}.Release|Any CPU.ActiveCfg = Release|Any CPU
		{560DD13A-DADD-41AD-A4DC-67BCB8B5F486}.Release|Any CPU.Build.0 = Release|Any CPU
	EndGlobalSection
	GlobalSection(SolutionProperties) = preSolution
		HideSolutionNode = FALSE
	EndGlobalSection
	GlobalSection(ExtensibilityGlobals) = postSolution
		SolutionGuid = {2577269F-AF27-42BF-947F-6CDDD45BC860}
	EndGlobalSection
EndGlobal
